
Microsoft Visual Studio Solution File, Format Version 12.00
Project("{FAE04EC0-301F-11D3-BF4B-00C04F79EFBC}") = "RedisConsumerParking", "RedisConsumerParking\RedisConsumerParking.csproj", "{92BD51F8-8F89-40E1-B255-3CB2FEC591B9}"
EndProject
Global
	GlobalSection(SolutionConfigurationPlatforms) = preSolution
		Debug|Any CPU = Debug|Any CPU
		Release|Any CPU = Release|Any CPU
	EndGlobalSection
	GlobalSection(ProjectConfigurationPlatforms) = postSolution
		{92BD51F8-8F89-40E1-B255-3CB2FEC591B9}.Debug|Any CPU.ActiveCfg = Debug|Any CPU
		{92BD51F8-8F89-40E1-B255-3CB2FEC591B9}.Debug|Any CPU.Build.0 = Debug|Any CPU
		{92BD51F8-8F89-40E1-B255-3CB2FEC591B9}.Release|Any CPU.ActiveCfg = Release|Any CPU
		{92BD51F8-8F89-40E1-B255-3CB2FEC591B9}.Release|Any CPU.Build.0 = Release|Any CPU
	EndGlobalSection
EndGlobal
