
Microsoft Visual Studio Solution File, Format Version 12.00
# Visual Studio Version 17
VisualStudioVersion = 17.2.32516.85
MinimumVisualStudioVersion = 10.0.40219.1
Project("{E53339B2-1760-4266-BCC7-CA923CBCF16C}") = "docker-compose", "docker-compose.dcproj", "{EDCD3172-E465-4499-8126-A45A7A1E49B1}"
EndProject
Project("{9A19103F-16F7-4668-BE54-9A1E7A4F7556}") = "PullADsToMQ", "PullADsToMQ\PullADsToMQ.csproj", "{FE4EF41D-9C15-4BE5-B5B3-F2F44EA19506}"
EndProject
Global
	GlobalSection(SolutionConfigurationPlatforms) = preSolution
		Debug|Any CPU = Debug|Any CPU
		Release|Any CPU = Release|Any CPU
	EndGlobalSection
	GlobalSection(ProjectConfigurationPlatforms) = postSolution
		{EDCD3172-E465-4499-8126-A45A7A1E49B1}.Debug|Any CPU.ActiveCfg = Debug|Any CPU
		{EDCD3172-E465-4499-8126-A45A7A1E49B1}.Debug|Any CPU.Build.0 = Debug|Any CPU
		{EDCD3172-E465-4499-8126-A45A7A1E49B1}.Release|Any CPU.ActiveCfg = Release|Any CPU
		{EDCD3172-E465-4499-8126-A45A7A1E49B1}.Release|Any CPU.Build.0 = Release|Any CPU
		{FE4EF41D-9C15-4BE5-B5B3-F2F44EA19506}.Debug|Any CPU.ActiveCfg = Debug|Any CPU
		{FE4EF41D-9C15-4BE5-B5B3-F2F44EA19506}.Debug|Any CPU.Build.0 = Debug|Any CPU
		{FE4EF41D-9C15-4BE5-B5B3-F2F44EA19506}.Release|Any CPU.ActiveCfg = Release|Any CPU
		{FE4EF41D-9C15-4BE5-B5B3-F2F44EA19506}.Release|Any CPU.Build.0 = Release|Any CPU
	EndGlobalSection
	GlobalSection(SolutionProperties) = preSolution
		HideSolutionNode = FALSE
	EndGlobalSection
	GlobalSection(ExtensibilityGlobals) = postSolution
		SolutionGuid = {0897A57A-59DB-4B4D-A018-90E9F92511F8}
	EndGlobalSection
EndGlobal
