
Microsoft Visual Studio Solution File, Format Version 12.00
# Visual Studio Version 17
VisualStudioVersion = 17.2.32516.85
MinimumVisualStudioVersion = 10.0.40219.1
Project("{9A19103F-16F7-4668-BE54-9A1E7A4F7556}") = "pullADs", "pullADs\pullADs.csproj", "{6511DDA6-BBF8-4F00-8918-86CCAA3A0EDD}"
EndProject
Project("{2150E333-8FDC-42A3-9474-1A3956D46DE8}") = "test", "test", "{FEB9EACE-0D69-42C9-8CB4-5F636FC9F169}"
EndProject
Project("{E53339B2-1760-4266-BCC7-CA923CBCF16C}") = "docker-compose", "docker-compose.dcproj", "{BA3268E9-0F98-49B3-9A04-D97047645D9A}"
EndProject
Global
	GlobalSection(SolutionConfigurationPlatforms) = preSolution
		Debug|Any CPU = Debug|Any CPU
		Release|Any CPU = Release|Any CPU
	EndGlobalSection
	GlobalSection(ProjectConfigurationPlatforms) = postSolution
		{6511DDA6-BBF8-4F00-8918-86CCAA3A0EDD}.Debug|Any CPU.ActiveCfg = Debug|Any CPU
		{6511DDA6-BBF8-4F00-8918-86CCAA3A0EDD}.Debug|Any CPU.Build.0 = Debug|Any CPU
		{6511DDA6-BBF8-4F00-8918-86CCAA3A0EDD}.Release|Any CPU.ActiveCfg = Release|Any CPU
		{6511DDA6-BBF8-4F00-8918-86CCAA3A0EDD}.Release|Any CPU.Build.0 = Release|Any CPU
		{BA3268E9-0F98-49B3-9A04-D97047645D9A}.Debug|Any CPU.ActiveCfg = Debug|Any CPU
		{BA3268E9-0F98-49B3-9A04-D97047645D9A}.Debug|Any CPU.Build.0 = Debug|Any CPU
		{BA3268E9-0F98-49B3-9A04-D97047645D9A}.Release|Any CPU.ActiveCfg = Release|Any CPU
		{BA3268E9-0F98-49B3-9A04-D97047645D9A}.Release|Any CPU.Build.0 = Release|Any CPU
	EndGlobalSection
	GlobalSection(SolutionProperties) = preSolution
		HideSolutionNode = FALSE
	EndGlobalSection
	GlobalSection(ExtensibilityGlobals) = postSolution
		SolutionGuid = {0897A57A-59DB-4B4D-A018-90E9F92511F8}
	EndGlobalSection
EndGlobal
