
Microsoft Visual Studio Solution File, Format Version 12.00
# Visual Studio Version 17
VisualStudioVersion = 17.2.32516.85
MinimumVisualStudioVersion = 10.0.40219.1
Project("{FAE04EC0-301F-11D3-BF4B-00C04F79EFBC}") = "pullADs", "pullADs\pullADs.csproj", "{6511DDA6-BBF8-4F00-8918-86CCAA3A0EDD}"
EndProject
Project("{E53339B2-1760-4266-BCC7-CA923CBCF16C}") = "docker-compose", "docker-compose.dcproj", "{C7B50A23-1E3D-4A35-8931-96E2C17C3FE4}"
EndProject
Project("{FAE04EC0-301F-11D3-BF4B-00C04F79EFBC}") = "RedisConsumerPullAds", "RedisConsumerPullAds\RedisConsumerPullAds.csproj", "{27D0D193-F0F3-48EB-976A-88B63F1C1946}"
EndProject
Global
	GlobalSection(SolutionConfigurationPlatforms) = preSolution
		Debug|Any CPU = Debug|Any CPU
		Release|Any CPU = Release|Any CPU
	EndGlobalSection
	GlobalSection(ProjectConfigurationPlatforms) = postSolution
		{6511DDA6-BBF8-4F00-8918-86CCAA3A0EDD}.Debug|Any CPU.ActiveCfg = Debug|Any CPU
		{6511DDA6-BBF8-4F00-8918-86CCAA3A0EDD}.Debug|Any CPU.Build.0 = Debug|Any CPU
		{6511DDA6-BBF8-4F00-8918-86CCAA3A0EDD}.Release|Any CPU.ActiveCfg = Release|Any CPU
		{6511DDA6-BBF8-4F00-8918-86CCAA3A0EDD}.Release|Any CPU.Build.0 = Release|Any CPU
		{C7B50A23-1E3D-4A35-8931-96E2C17C3FE4}.Debug|Any CPU.ActiveCfg = Debug|Any CPU
		{C7B50A23-1E3D-4A35-8931-96E2C17C3FE4}.Debug|Any CPU.Build.0 = Debug|Any CPU
		{C7B50A23-1E3D-4A35-8931-96E2C17C3FE4}.Release|Any CPU.ActiveCfg = Release|Any CPU
		{C7B50A23-1E3D-4A35-8931-96E2C17C3FE4}.Release|Any CPU.Build.0 = Release|Any CPU
		{27D0D193-F0F3-48EB-976A-88B63F1C1946}.Debug|Any CPU.ActiveCfg = Debug|Any CPU
		{27D0D193-F0F3-48EB-976A-88B63F1C1946}.Debug|Any CPU.Build.0 = Debug|Any CPU
		{27D0D193-F0F3-48EB-976A-88B63F1C1946}.Release|Any CPU.ActiveCfg = Release|Any CPU
		{27D0D193-F0F3-48EB-976A-88B63F1C1946}.Release|Any CPU.Build.0 = Release|Any CPU
	EndGlobalSection
	GlobalSection(SolutionProperties) = preSolution
		HideSolutionNode = FALSE
	EndGlobalSection
	GlobalSection(ExtensibilityGlobals) = postSolution
		SolutionGuid = {0897A57A-59DB-4B4D-A018-90E9F92511F8}
	EndGlobalSection
EndGlobal
